
Microsoft Visual Studio Solution File, Format Version 12.00
# Visual Studio 15
VisualStudioVersion = 15.0.27428.2027
MinimumVisualStudioVersion = 10.0.40219.1
Project("{E24C65DC-7377-472B-9ABA-BC803B73C61A}") = "CRUD_WEB", "CRUD_WEB\", "{EB2294E6-3A25-49F6-BCF0-BF03E04FDD31}"
	ProjectSection(WebsiteProperties) = preProject
		TargetFrameworkMoniker = ".NETFramework,Version%3Dv4.6.1"
		Debug.AspNetCompiler.VirtualPath = "/localhost_56598"
		Debug.AspNetCompiler.PhysicalPath = "CRUD_WEB\"
		Debug.AspNetCompiler.TargetPath = "PrecompiledWeb\localhost_56598\"
		Debug.AspNetCompiler.Updateable = "true"
		Debug.AspNetCompiler.ForceOverwrite = "true"
		Debug.AspNetCompiler.FixedNames = "false"
		Debug.AspNetCompiler.Debug = "True"
		Release.AspNetCompiler.VirtualPath = "/localhost_56598"
		Release.AspNetCompiler.PhysicalPath = "CRUD_WEB\"
		Release.AspNetCompiler.TargetPath = "PrecompiledWeb\localhost_56598\"
		Release.AspNetCompiler.Updateable = "true"
		Release.AspNetCompiler.ForceOverwrite = "true"
		Release.AspNetCompiler.FixedNames = "false"
		Release.AspNetCompiler.Debug = "False"
		VWDPort = "56598"
		SlnRelativePath = "CRUD_WEB\"
		DefaultWebSiteLanguage = "Visual C#"
	EndProjectSection
EndProject
Global
	GlobalSection(SolutionConfigurationPlatforms) = preSolution
		Debug|Any CPU = Debug|Any CPU
	EndGlobalSection
	GlobalSection(ProjectConfigurationPlatforms) = postSolution
		{EB2294E6-3A25-49F6-BCF0-BF03E04FDD31}.Debug|Any CPU.ActiveCfg = Debug|Any CPU
		{EB2294E6-3A25-49F6-BCF0-BF03E04FDD31}.Debug|Any CPU.Build.0 = Debug|Any CPU
	EndGlobalSection
	GlobalSection(SolutionProperties) = preSolution
		HideSolutionNode = FALSE
	EndGlobalSection
	GlobalSection(ExtensibilityGlobals) = postSolution
		SolutionGuid = {86070F04-44D6-4093-A684-DAB219A32CFB}
	EndGlobalSection
EndGlobal
